
Microsoft Visual Studio Solution File, Format Version 12.00
# Visual Studio 15
VisualStudioVersion = 15.0.28010.2046
MinimumVisualStudioVersion = 10.0.40219.1
Project("{FAE04EC0-301F-11D3-BF4B-00C04F79EFBC}") = "ContosoUniversity", "ContosoUniversity\ContosoUniversity.csproj", "{B609643A-B663-4677-9700-2BB929F11ADA}"
EndProject
Global
	GlobalSection(SolutionConfigurationPlatforms) = preSolution
		Debug|Any CPU = Debug|Any CPU
		Release|Any CPU = Release|Any CPU
	EndGlobalSection
	GlobalSection(ProjectConfigurationPlatforms) = postSolution
		{B609643A-B663-4677-9700-2BB929F11ADA}.Debug|Any CPU.ActiveCfg = Debug|Any CPU
		{B609643A-B663-4677-9700-2BB929F11ADA}.Debug|Any CPU.Build.0 = Debug|Any CPU
		{B609643A-B663-4677-9700-2BB929F11ADA}.Release|Any CPU.ActiveCfg = Release|Any CPU
		{B609643A-B663-4677-9700-2BB929F11ADA}.Release|Any CPU.Build.0 = Release|Any CPU
	EndGlobalSection
	GlobalSection(SolutionProperties) = preSolution
		HideSolutionNode = FALSE
	EndGlobalSection
	GlobalSection(ExtensibilityGlobals) = postSolution
		SolutionGuid = {2B55A0F7-3B4B-4900-BFCD-A1187CD06171}
	EndGlobalSection
EndGlobal
